<Solution>
  <Folder Name="/Solution Items/">
    <File Path="CLAUDE.md" />
    <File Path="README.md" />
  </Folder>
  <Folder Name="/Solution Items/Docs-archive/">
    <File Path="Docs-archive/Hyperspace - Sheet1.csv" />
    <File Path="Docs-archive/inferior-classes.md" />
    <File Path="Docs-archive/inferior-components-and-sensors.md" />
    <File Path="Docs-archive/inferior-design-persistence.md" />
    <File Path="Docs-archive/inferior-design-ship.md" />
    <File Path="Docs-archive/inferior-design-ui.md" />
    <File Path="Docs-archive/inferior-design.md" />
    <File Path="Docs-archive/inferior-lore.md" />
  </Folder>
  <Folder Name="/Solution Items/Docs-claude/">
    <File Path="Docs-claude/inferior-components-claude.md" />
    <File Path="Docs-claude/inferior-current-state.md" />
    <File Path="Docs-claude/inferior-design-claude.md" />
    <File Path="Docs-claude/inferior-design-flat-hyperspace-claude.md" />
    <File Path="Docs-claude/inferior-design-ship-claude.md" />
    <File Path="Docs-claude/inferior-design-stations-claude.md" />
    <File Path="Docs-claude/inferior-lore-claude.md" />
  </Folder>
  <Folder Name="/Solution Items/Docs/">
    <File Path="Docs/inferior-classes.md" />
    <File Path="Docs/inferior-components-and-sensors.md" />
    <File Path="Docs/inferior-design-persistence.md" />
    <File Path="Docs/inferior-design-ship.md" />
    <File Path="Docs/inferior-design-ui.md" />
    <File Path="Docs/inferior-design.md" />
    <File Path="Docs/inferior-lore.md" />
    <File Path="Docs/inferior-qol-bugs.md" />
    <File Path="Docs/media/radarMockup.xcf" />
  </Folder>
  <Project Path="Inferior.Core/Inferior.Core.csproj" />
  <Project Path="Inferior.Galaxy/Inferior.Galaxy.csproj" />
  <Project Path="Inferior.Game.Test/Inferior.Game.Test.csproj" />
  <Project Path="Inferior.Game/Inferior.Game.csproj" />
  <Project Path="Inferior.Gameplay/Inferior.Gameplay.csproj" />
  <Project Path="Inferior.ObjectDesigner/Inferior.ObjectDesigner.csproj" />
  <Project Path="Inferior.Persistence/Inferior.Persistence.csproj" />
  <Project Path="Inferior.Rendering/Inferior.Rendering.csproj" />
  <Project Path="Inferior.UI/Inferior.UI.csproj" />
</Solution>
